
Microsoft Visual Studio Solution File, Format Version 12.00
# Visual Studio 15
VisualStudioVersion = 15.0.26430.14
MinimumVisualStudioVersion = 10.0.40219.1
Project("{FAE04EC0-301F-11D3-BF4B-00C04F79EFBC}") = "CharacterCreater", "CharacterCreater\CharacterCreater.csproj", "{44E1ADD8-3EC1-41B2-B5FC-80CBDEA5720C}"
EndProject
Project("{FAE04EC0-301F-11D3-BF4B-00C04F79EFBC}") = "CharacterScreen.Domain", "CharacterScreen.Domain\CharacterScreen.Domain.csproj", "{AEF10C4C-8F92-4AA0-B57F-9E1F6570367E}"
EndProject
Project("{FAE04EC0-301F-11D3-BF4B-00C04F79EFBC}") = "CharacterSceen.Persistance", "CharacterSceen.Persistance\CharacterSceen.Persistance.csproj", "{3A55E892-0B50-45FD-9D03-87B8A5CED521}"
EndProject
Global
	GlobalSection(SolutionConfigurationPlatforms) = preSolution
		Debug|Any CPU = Debug|Any CPU
		Release|Any CPU = Release|Any CPU
	EndGlobalSection
	GlobalSection(ProjectConfigurationPlatforms) = postSolution
		{44E1ADD8-3EC1-41B2-B5FC-80CBDEA5720C}.Debug|Any CPU.ActiveCfg = Debug|Any CPU
		{44E1ADD8-3EC1-41B2-B5FC-80CBDEA5720C}.Debug|Any CPU.Build.0 = Debug|Any CPU
		{44E1ADD8-3EC1-41B2-B5FC-80CBDEA5720C}.Release|Any CPU.ActiveCfg = Release|Any CPU
		{44E1ADD8-3EC1-41B2-B5FC-80CBDEA5720C}.Release|Any CPU.Build.0 = Release|Any CPU
		{AEF10C4C-8F92-4AA0-B57F-9E1F6570367E}.Debug|Any CPU.ActiveCfg = Debug|Any CPU
		{AEF10C4C-8F92-4AA0-B57F-9E1F6570367E}.Debug|Any CPU.Build.0 = Debug|Any CPU
		{AEF10C4C-8F92-4AA0-B57F-9E1F6570367E}.Release|Any CPU.ActiveCfg = Release|Any CPU
		{AEF10C4C-8F92-4AA0-B57F-9E1F6570367E}.Release|Any CPU.Build.0 = Release|Any CPU
		{3A55E892-0B50-45FD-9D03-87B8A5CED521}.Debug|Any CPU.ActiveCfg = Debug|Any CPU
		{3A55E892-0B50-45FD-9D03-87B8A5CED521}.Debug|Any CPU.Build.0 = Debug|Any CPU
		{3A55E892-0B50-45FD-9D03-87B8A5CED521}.Release|Any CPU.ActiveCfg = Release|Any CPU
		{3A55E892-0B50-45FD-9D03-87B8A5CED521}.Release|Any CPU.Build.0 = Release|Any CPU
	EndGlobalSection
	GlobalSection(SolutionProperties) = preSolution
		HideSolutionNode = FALSE
	EndGlobalSection
EndGlobal
